// !$*UTF8*$!
{
	archiveVersion = 1;
	classes = {
	};
	objectVersion = 50;
	objects = {

/* Begin PBXBuildFile section */
		241CF2B8255C741E009FFA1D /* AppDelegate.swift in Sources */ = {isa = PBXBuildFile; fileRef = 241CF2B7255C741E009FFA1D /* AppDelegate.swift */; };
		241CF2BA255C741E009FFA1D /* SceneDelegate.swift in Sources */ = {isa = PBXBuildFile; fileRef = 241CF2B9255C741E009FFA1D /* SceneDelegate.swift */; };
		241CF2BC255C741E009FFA1D /* ExploreViewController.swift in Sources */ = {isa = PBXBuildFile; fileRef = 241CF2BB255C741E009FFA1D /* ExploreViewController.swift */; };
		241CF2BF255C741E009FFA1D /* Main.storyboard in Resources */ = {isa = PBXBuildFile; fileRef = 241CF2BD255C741E009FFA1D /* Main.storyboard */; };
		241CF2C1255C741F009FFA1D /* Assets.xcassets in Resources */ = {isa = PBXBuildFile; fileRef = 241CF2C0255C741F009FFA1D /* Assets.xcassets */; };
		241CF2C4255C741F009FFA1D /* LaunchScreen.storyboard in Resources */ = {isa = PBXBuildFile; fileRef = 241CF2C2255C741F009FFA1D /* LaunchScreen.storyboard */; };
		24AA49B7255D483C0031A014 /* StoreManager.swift in Sources */ = {isa = PBXBuildFile; fileRef = 24AA49B6255D483C0031A014 /* StoreManager.swift */; };
		24AA49BA255D49420031A014 /* StoreModel.swift in Sources */ = {isa = PBXBuildFile; fileRef = 24AA49B9255D49420031A014 /* StoreModel.swift */; };
		24AA49BD255D4F420031A014 /* StoreData.swift in Sources */ = {isa = PBXBuildFile; fileRef = 24AA49BC255D4F420031A014 /* StoreData.swift */; };
/* End PBXBuildFile section */

/* Begin PBXFileReference section */
		241CF2B4255C741E009FFA1D /* FoodFinder IOS14.app */ = {isa = PBXFileReference; explicitFileType = wrapper.application; includeInIndex = 0; path = "FoodFinder IOS14.app"; sourceTree = BUILT_PRODUCTS_DIR; };
		241CF2B7255C741E009FFA1D /* AppDelegate.swift */ = {isa = PBXFileReference; lastKnownFileType = sourcecode.swift; path = AppDelegate.swift; sourceTree = "<group>"; };
		241CF2B9255C741E009FFA1D /* SceneDelegate.swift */ = {isa = PBXFileReference; lastKnownFileType = sourcecode.swift; path = SceneDelegate.swift; sourceTree = "<group>"; };
		241CF2BB255C741E009FFA1D /* ExploreViewController.swift */ = {isa = PBXFileReference; lastKnownFileType = sourcecode.swift; path = ExploreViewController.swift; sourceTree = "<group>"; };
		241CF2BE255C741E009FFA1D /* Base */ = {isa = PBXFileReference; lastKnownFileType = file.storyboard; name = Base; path = Base.lproj/Main.storyboard; sourceTree = "<group>"; };
		241CF2C0255C741F009FFA1D /* Assets.xcassets */ = {isa = PBXFileReference; lastKnownFileType = folder.assetcatalog; path = Assets.xcassets; sourceTree = "<group>"; };
		241CF2C3255C741F009FFA1D /* Base */ = {isa = PBXFileReference; lastKnownFileType = file.storyboard; name = Base; path = Base.lproj/LaunchScreen.storyboard; sourceTree = "<group>"; };
		241CF2C5255C741F009FFA1D /* Info.plist */ = {isa = PBXFileReference; lastKnownFileType = text.plist.xml; path = Info.plist; sourceTree = "<group>"; };
		24AA49B6255D483C0031A014 /* StoreManager.swift */ = {isa = PBXFileReference; lastKnownFileType = sourcecode.swift; path = StoreManager.swift; sourceTree = "<group>"; };
		24AA49B9255D49420031A014 /* StoreModel.swift */ = {isa = PBXFileReference; lastKnownFileType = sourcecode.swift; path = StoreModel.swift; sourceTree = "<group>"; };
		24AA49BC255D4F420031A014 /* StoreData.swift */ = {isa = PBXFileReference; lastKnownFileType = sourcecode.swift; path = StoreData.swift; sourceTree = "<group>"; };
/* End PBXFileReference section */

/* Begin PBXFrameworksBuildPhase section */
		241CF2B1255C741E009FFA1D /* Frameworks */ = {
			isa = PBXFrameworksBuildPhase;
			buildActionMask = 2147483647;
			files = (
			);
			runOnlyForDeploymentPostprocessing = 0;
		};
/* End PBXFrameworksBuildPhase section */

/* Begin PBXGroup section */
		241CF2AB255C741E009FFA1D = {
			isa = PBXGroup;
			children = (
				241CF2B6255C741E009FFA1D /* FoodFinder IOS14 */,
				241CF2B5255C741E009FFA1D /* Products */,
			);
			sourceTree = "<group>";
		};
		241CF2B5255C741E009FFA1D /* Products */ = {
			isa = PBXGroup;
			children = (
				241CF2B4255C741E009FFA1D /* FoodFinder IOS14.app */,
			);
			name = Products;
			sourceTree = "<group>";
		};
		241CF2B6255C741E009FFA1D /* FoodFinder IOS14 */ = {
			isa = PBXGroup;
			children = (
				241CF2B7255C741E009FFA1D /* AppDelegate.swift */,
				241CF2B9255C741E009FFA1D /* SceneDelegate.swift */,
				24AA49B5255D47CC0031A014 /* Models */,
				24AA49B4255D47B50031A014 /* Views */,
				241CF2CD255C76AD009FFA1D /* Controllers */,
				241CF2C0255C741F009FFA1D /* Assets.xcassets */,
				241CF2C2255C741F009FFA1D /* LaunchScreen.storyboard */,
				241CF2C5255C741F009FFA1D /* Info.plist */,
			);
			path = "FoodFinder IOS14";
			sourceTree = "<group>";
		};
		241CF2CD255C76AD009FFA1D /* Controllers */ = {
			isa = PBXGroup;
			children = (
				241CF2BB255C741E009FFA1D /* ExploreViewController.swift */,
			);
			path = Controllers;
			sourceTree = "<group>";
		};
		24AA49B4255D47B50031A014 /* Views */ = {
			isa = PBXGroup;
			children = (
				241CF2BD255C741E009FFA1D /* Main.storyboard */,
			);
			path = Views;
			sourceTree = "<group>";
		};
		24AA49B5255D47CC0031A014 /* Models */ = {
			isa = PBXGroup;
			children = (
				24AA49BC255D4F420031A014 /* StoreData.swift */,
				24AA49B6255D483C0031A014 /* StoreManager.swift */,
				24AA49B9255D49420031A014 /* StoreModel.swift */,
			);
			path = Models;
			sourceTree = "<group>";
		};
/* End PBXGroup section */

/* Begin PBXNativeTarget section */
		241CF2B3255C741E009FFA1D /* FoodFinder IOS14 */ = {
			isa = PBXNativeTarget;
			buildConfigurationList = 241CF2C8255C741F009FFA1D /* Build configuration list for PBXNativeTarget "FoodFinder IOS14" */;
			buildPhases = (
				241CF2B0255C741E009FFA1D /* Sources */,
				241CF2B1255C741E009FFA1D /* Frameworks */,
				241CF2B2255C741E009FFA1D /* Resources */,
			);
			buildRules = (
			);
			dependencies = (
			);
			name = "FoodFinder IOS14";
			productName = "FoodFinder IOS14";
			productReference = 241CF2B4255C741E009FFA1D /* FoodFinder IOS14.app */;
			productType = "com.apple.product-type.application";
		};
/* End PBXNativeTarget section */

/* Begin PBXProject section */
		241CF2AC255C741E009FFA1D /* Project object */ = {
			isa = PBXProject;
			attributes = {
				LastSwiftUpdateCheck = 1210;
				LastUpgradeCheck = 1210;
				TargetAttributes = {
					241CF2B3255C741E009FFA1D = {
						CreatedOnToolsVersion = 12.1;
					};
				};
			};
			buildConfigurationList = 241CF2AF255C741E009FFA1D /* Build configuration list for PBXProject "FoodFinder IOS14" */;
			compatibilityVersion = "Xcode 9.3";
			developmentRegion = en;
			hasScannedForEncodings = 0;
			knownRegions = (
				en,
				Base,
			);
			mainGroup = 241CF2AB255C741E009FFA1D;
			productRefGroup = 241CF2B5255C741E009FFA1D /* Products */;
			projectDirPath = "";
			projectRoot = "";
			targets = (
				241CF2B3255C741E009FFA1D /* FoodFinder IOS14 */,
			);
		};
/* End PBXProject section */

/* Begin PBXResourcesBuildPhase section */
		241CF2B2255C741E009FFA1D /* Resources */ = {
			isa = PBXResourcesBuildPhase;
			buildActionMask = 2147483647;
			files = (
				241CF2C4255C741F009FFA1D /* LaunchScreen.storyboard in Resources */,
				241CF2C1255C741F009FFA1D /* Assets.xcassets in Resources */,
				241CF2BF255C741E009FFA1D /* Main.storyboard in Resources */,
			);
			runOnlyForDeploymentPostprocessing = 0;
		};
/* End PBXResourcesBuildPhase section */

/* Begin PBXSourcesBuildPhase section */
		241CF2B0255C741E009FFA1D /* Sources */ = {
			isa = PBXSourcesBuildPhase;
			buildActionMask = 2147483647;
			files = (
				241CF2BC255C741E009FFA1D /* ExploreViewController.swift in Sources */,
				24AA49B7255D483C0031A014 /* StoreManager.swift in Sources */,
				241CF2B8255C741E009FFA1D /* AppDelegate.swift in Sources */,
				24AA49BD255D4F420031A014 /* StoreData.swift in Sources */,
				241CF2BA255C741E009FFA1D /* SceneDelegate.swift in Sources */,
				24AA49BA255D49420031A014 /* StoreModel.swift in Sources */,
			);
			runOnlyForDeploymentPostprocessing = 0;
		};
/* End PBXSourcesBuildPhase section */

/* Begin PBXVariantGroup section */
		241CF2BD255C741E009FFA1D /* Main.storyboard */ = {
			isa = PBXVariantGroup;
			children = (
				241CF2BE255C741E009FFA1D /* Base */,
			);
			name = Main.storyboard;
			sourceTree = "<group>";
		};
		241CF2C2255C741F009FFA1D /* LaunchScreen.storyboard */ = {
			isa = PBXVariantGroup;
			children = (
				241CF2C3255C741F009FFA1D /* Base */,
			);
			name = LaunchScreen.storyboard;
			sourceTree = "<group>";
		};
/* End PBXVariantGroup section */

/* Begin XCBuildConfiguration section */
		241CF2C6255C741F009FFA1D /* Debug */ = {
			isa = XCBuildConfiguration;
			buildSettings = {
				ALWAYS_SEARCH_USER_PATHS = NO;
				CLANG_ANALYZER_NONNULL = YES;
				CLANG_ANALYZER_NUMBER_OBJECT_CONVERSION = YES_AGGRESSIVE;
				CLANG_CXX_LANGUAGE_STANDARD = "gnu++14";
				CLANG_CXX_LIBRARY = "libc++";
				CLANG_ENABLE_MODULES = YES;
				CLANG_ENABLE_OBJC_ARC = YES;
				CLANG_ENABLE_OBJC_WEAK = YES;
				CLANG_WARN_BLOCK_CAPTURE_AUTORELEASING = YES;
				CLANG_WARN_BOOL_CONVERSION = YES;
				CLANG_WARN_COMMA = YES;
				CLANG_WARN_CONSTANT_CONVERSION = YES;
				CLANG_WARN_DEPRECATED_OBJC_IMPLEMENTATIONS = YES;
				CLANG_WARN_DIRECT_OBJC_ISA_USAGE = YES_ERROR;
				CLANG_WARN_DOCUMENTATION_COMMENTS = YES;
				CLANG_WARN_EMPTY_BODY = YES;
				CLANG_WARN_ENUM_CONVERSION = YES;
				CLANG_WARN_INFINITE_RECURSION = YES;
				CLANG_WARN_INT_CONVERSION = YES;
				CLANG_WARN_NON_LITERAL_NULL_CONVERSION = YES;
				CLANG_WARN_OBJC_IMPLICIT_RETAIN_SELF = YES;
				CLANG_WARN_OBJC_LITERAL_CONVERSION = YES;
				CLANG_WARN_OBJC_ROOT_CLASS = YES_ERROR;
				CLANG_WARN_QUOTED_INCLUDE_IN_FRAMEWORK_HEADER = YES;
				CLANG_WARN_RANGE_LOOP_ANALYSIS = YES;
				CLANG_WARN_STRICT_PROTOTYPES = YES;
				CLANG_WARN_SUSPICIOUS_MOVE = YES;
				CLANG_WARN_UNGUARDED_AVAILABILITY = YES_AGGRESSIVE;
				CLANG_WARN_UNREACHABLE_CODE = YES;
				CLANG_WARN__DUPLICATE_METHOD_MATCH = YES;
				COPY_PHASE_STRIP = NO;
				DEBUG_INFORMATION_FORMAT = dwarf;
				ENABLE_STRICT_OBJC_MSGSEND = YES;
				ENABLE_TESTABILITY = YES;
				GCC_C_LANGUAGE_STANDARD = gnu11;
				GCC_DYNAMIC_NO_PIC = NO;
				GCC_NO_COMMON_BLOCKS = YES;
				GCC_OPTIMIZATION_LEVEL = 0;
				GCC_PREPROCESSOR_DEFINITIONS = (
					"DEBUG=1",
					"$(inherited)",
				);
				GCC_WARN_64_TO_32_BIT_CONVERSION = YES;
				GCC_WARN_ABOUT_RETURN_TYPE = YES_ERROR;
				GCC_WARN_UNDECLARED_SELECTOR = YES;
				GCC_WARN_UNINITIALIZED_AUTOS = YES_AGGRESSIVE;
				GCC_WARN_UNUSED_FUNCTION = YES;
				GCC_WARN_UNUSED_VARIABLE = YES;
				IPHONEOS_DEPLOYMENT_TARGET = 14.1;
				MTL_ENABLE_DEBUG_INFO = INCLUDE_SOURCE;
				MTL_FAST_MATH = YES;
				ONLY_ACTIVE_ARCH = YES;
				SDKROOT = iphoneos;
				SWIFT_ACTIVE_COMPILATION_CONDITIONS = DEBUG;
				SWIFT_OPTIMIZATION_LEVEL = "-Onone";
			};
			name = Debug;
		};
		241CF2C7255C741F009FFA1D /* Release */ = {
			isa = XCBuildConfiguration;
			buildSettings = {
				ALWAYS_SEARCH_USER_PATHS = NO;
				CLANG_ANALYZER_NONNULL = YES;
				CLANG_ANALYZER_NUMBER_OBJECT_CONVERSION = YES_AGGRESSIVE;
				CLANG_CXX_LANGUAGE_STANDARD = "gnu++14";
				CLANG_CXX_LIBRARY = "libc++";
				CLANG_ENABLE_MODULES = YES;
				CLANG_ENABLE_OBJC_ARC = YES;
				CLANG_ENABLE_OBJC_WEAK = YES;
				CLANG_WARN_BLOCK_CAPTURE_AUTORELEASING = YES;
				CLANG_WARN_BOOL_CONVERSION = YES;
				CLANG_WARN_COMMA = YES;
				CLANG_WARN_CONSTANT_CONVERSION = YES;
				CLANG_WARN_DEPRECATED_OBJC_IMPLEMENTATIONS = YES;
				CLANG_WARN_DIRECT_OBJC_ISA_USAGE = YES_ERROR;
				CLANG_WARN_DOCUMENTATION_COMMENTS = YES;
				CLANG_WARN_EMPTY_BODY = YES;
				CLANG_WARN_ENUM_CONVERSION = YES;
				CLANG_WARN_INFINITE_RECURSION = YES;
				CLANG_WARN_INT_CONVERSION = YES;
				CLANG_WARN_NON_LITERAL_NULL_CONVERSION = YES;
				CLANG_WARN_OBJC_IMPLICIT_RETAIN_SELF = YES;
				CLANG_WARN_OBJC_LITERAL_CONVERSION = YES;
				CLANG_WARN_OBJC_ROOT_CLASS = YES_ERROR;
				CLANG_WARN_QUOTED_INCLUDE_IN_FRAMEWORK_HEADER = YES;
				CLANG_WARN_RANGE_LOOP_ANALYSIS = YES;
				CLANG_WARN_STRICT_PROTOTYPES = YES;
				CLANG_WARN_SUSPICIOUS_MOVE = YES;
				CLANG_WARN_UNGUARDED_AVAILABILITY = YES_AGGRESSIVE;
				CLANG_WARN_UNREACHABLE_CODE = YES;
				CLANG_WARN__DUPLICATE_METHOD_MATCH = YES;
				COPY_PHASE_STRIP = NO;
				DEBUG_INFORMATION_FORMAT = "dwarf-with-dsym";
				ENABLE_NS_ASSERTIONS = NO;
				ENABLE_STRICT_OBJC_MSGSEND = YES;
				GCC_C_LANGUAGE_STANDARD = gnu11;
				GCC_NO_COMMON_BLOCKS = YES;
				GCC_WARN_64_TO_32_BIT_CONVERSION = YES;
				GCC_WARN_ABOUT_RETURN_TYPE = YES_ERROR;
				GCC_WARN_UNDECLARED_SELECTOR = YES;
				GCC_WARN_UNINITIALIZED_AUTOS = YES_AGGRESSIVE;
				GCC_WARN_UNUSED_FUNCTION = YES;
				GCC_WARN_UNUSED_VARIABLE = YES;
				IPHONEOS_DEPLOYMENT_TARGET = 14.1;
				MTL_ENABLE_DEBUG_INFO = NO;
				MTL_FAST_MATH = YES;
				SDKROOT = iphoneos;
				SWIFT_COMPILATION_MODE = wholemodule;
				SWIFT_OPTIMIZATION_LEVEL = "-O";
				VALIDATE_PRODUCT = YES;
			};
			name = Release;
		};
		241CF2C9255C741F009FFA1D /* Debug */ = {
			isa = XCBuildConfiguration;
			buildSettings = {
				ASSETCATALOG_COMPILER_APPICON_NAME = AppIcon;
				ASSETCATALOG_COMPILER_GLOBAL_ACCENT_COLOR_NAME = AccentColor;
				CODE_SIGN_STYLE = Automatic;
				DEVELOPMENT_TEAM = X8KV22J9UH;
				INFOPLIST_FILE = "FoodFinder IOS14/Info.plist";
				IPHONEOS_DEPLOYMENT_TARGET = 14.0;
				LD_RUNPATH_SEARCH_PATHS = (
					"$(inherited)",
					"@executable_path/Frameworks",
				);
				PRODUCT_BUNDLE_IDENTIFIER = "homesweetdev.FoodFinder-IOS14";
				PRODUCT_NAME = "$(TARGET_NAME)";
				SWIFT_VERSION = 5.0;
				TARGETED_DEVICE_FAMILY = "1,2";
			};
			name = Debug;
		};
		241CF2CA255C741F009FFA1D /* Release */ = {
			isa = XCBuildConfiguration;
			buildSettings = {
				ASSETCATALOG_COMPILER_APPICON_NAME = AppIcon;
				ASSETCATALOG_COMPILER_GLOBAL_ACCENT_COLOR_NAME = AccentColor;
				CODE_SIGN_STYLE = Automatic;
				DEVELOPMENT_TEAM = X8KV22J9UH;
				INFOPLIST_FILE = "FoodFinder IOS14/Info.plist";
				IPHONEOS_DEPLOYMENT_TARGET = 14.0;
				LD_RUNPATH_SEARCH_PATHS = (
					"$(inherited)",
					"@executable_path/Frameworks",
				);
				PRODUCT_BUNDLE_IDENTIFIER = "homesweetdev.FoodFinder-IOS14";
				PRODUCT_NAME = "$(TARGET_NAME)";
				SWIFT_VERSION = 5.0;
				TARGETED_DEVICE_FAMILY = "1,2";
			};
			name = Release;
		};
/* End XCBuildConfiguration section */

/* Begin XCConfigurationList section */
		241CF2AF255C741E009FFA1D /* Build configuration list for PBXProject "FoodFinder IOS14" */ = {
			isa = XCConfigurationList;
			buildConfigurations = (
				241CF2C6255C741F009FFA1D /* Debug */,
				241CF2C7255C741F009FFA1D /* Release */,
			);
			defaultConfigurationIsVisible = 0;
			defaultConfigurationName = Release;
		};
		241CF2C8255C741F009FFA1D /* Build configuration list for PBXNativeTarget "FoodFinder IOS14" */ = {
			isa = XCConfigurationList;
			buildConfigurations = (
				241CF2C9255C741F009FFA1D /* Debug */,
				241CF2CA255C741F009FFA1D /* Release */,
			);
			defaultConfigurationIsVisible = 0;
			defaultConfigurationName = Release;
		};
/* End XCConfigurationList section */
	};
	rootObject = 241CF2AC255C741E009FFA1D /* Project object */;
}
